// !$*UTF8*$!
{
	archiveVersion = 1;
	classes = {
	};
	objectVersion = 56;
	objects = {

/* Begin PBXBuildFile section */
		341192292B62C4B0006F908B /* AppDelegate.swift in Sources */ = {isa = PBXBuildFile; fileRef = 341192282B62C4B0006F908B /* AppDelegate.swift */; };
		3411922B2B62C4B0006F908B /* SceneDelegate.swift in Sources */ = {isa = PBXBuildFile; fileRef = 3411922A2B62C4B0006F908B /* SceneDelegate.swift */; };
		341192302B62C4B0006F908B /* Main.storyboard in Resources */ = {isa = PBXBuildFile; fileRef = 3411922E2B62C4B0006F908B /* Main.storyboard */; };
		341192322B62C4B1006F908B /* Assets.xcassets in Resources */ = {isa = PBXBuildFile; fileRef = 341192312B62C4B1006F908B /* Assets.xcassets */; };
		341192352B62C4B1006F908B /* LaunchScreen.storyboard in Resources */ = {isa = PBXBuildFile; fileRef = 341192332B62C4B1006F908B /* LaunchScreen.storyboard */; };
		341192422B632F8D006F908B /* Keys.swift in Sources */ = {isa = PBXBuildFile; fileRef = 341192412B632F8D006F908B /* Keys.swift */; };
		341192442B633D4C006F908B /* CardSelectionVC.swift in Sources */ = {isa = PBXBuildFile; fileRef = 341192432B633D4C006F908B /* CardSelectionVC.swift */; };
		341192462B634582006F908B /* RoundedButton.swift in Sources */ = {isa = PBXBuildFile; fileRef = 341192452B634582006F908B /* RoundedButton.swift */; };
		341192482B634CBC006F908B /* Card.swift in Sources */ = {isa = PBXBuildFile; fileRef = 341192472B634CBC006F908B /* Card.swift */; };
		3411924A2B635160006F908B /* RulesVC.swift in Sources */ = {isa = PBXBuildFile; fileRef = 341192492B635160006F908B /* RulesVC.swift */; };
		F89A1171CCECEA889D8EAE36 /* Pods_MT_Liftoff_VunglerSDK_Project.framework in Frameworks */ = {isa = PBXBuildFile; fileRef = 17B4A853A00DB0C38AC1A839 /* Pods_MT_Liftoff_VunglerSDK_Project.framework */; };
/* End PBXBuildFile section */

/* Begin PBXFileReference section */
		04C8E4DE33F5CB2EBD71482B /* Pods-MT-Liftoff-VunglerSDK-Project.debug.xcconfig */ = {isa = PBXFileReference; includeInIndex = 1; lastKnownFileType = text.xcconfig; name = "Pods-MT-Liftoff-VunglerSDK-Project.debug.xcconfig"; path = "Target Support Files/Pods-MT-Liftoff-VunglerSDK-Project/Pods-MT-Liftoff-VunglerSDK-Project.debug.xcconfig"; sourceTree = "<group>"; };
		17B4A853A00DB0C38AC1A839 /* Pods_MT_Liftoff_VunglerSDK_Project.framework */ = {isa = PBXFileReference; explicitFileType = wrapper.framework; includeInIndex = 0; path = Pods_MT_Liftoff_VunglerSDK_Project.framework; sourceTree = BUILT_PRODUCTS_DIR; };
		341192252B62C4B0006F908B /* MT-Liftoff-VunglerSDK-Project.app */ = {isa = PBXFileReference; explicitFileType = wrapper.application; includeInIndex = 0; path = "MT-Liftoff-VunglerSDK-Project.app"; sourceTree = BUILT_PRODUCTS_DIR; };
		341192282B62C4B0006F908B /* AppDelegate.swift */ = {isa = PBXFileReference; lastKnownFileType = sourcecode.swift; path = AppDelegate.swift; sourceTree = "<group>"; };
		3411922A2B62C4B0006F908B /* SceneDelegate.swift */ = {isa = PBXFileReference; lastKnownFileType = sourcecode.swift; path = SceneDelegate.swift; sourceTree = "<group>"; };
		3411922F2B62C4B0006F908B /* Base */ = {isa = PBXFileReference; lastKnownFileType = file.storyboard; name = Base; path = Base.lproj/Main.storyboard; sourceTree = "<group>"; };
		341192312B62C4B1006F908B /* Assets.xcassets */ = {isa = PBXFileReference; lastKnownFileType = folder.assetcatalog; path = Assets.xcassets; sourceTree = "<group>"; };
		341192342B62C4B1006F908B /* Base */ = {isa = PBXFileReference; lastKnownFileType = file.storyboard; name = Base; path = Base.lproj/LaunchScreen.storyboard; sourceTree = "<group>"; };
		341192362B62C4B1006F908B /* Info.plist */ = {isa = PBXFileReference; lastKnownFileType = text.plist.xml; path = Info.plist; sourceTree = "<group>"; };
		341192412B632F8D006F908B /* Keys.swift */ = {isa = PBXFileReference; fileEncoding = 4; lastKnownFileType = sourcecode.swift; path = Keys.swift; sourceTree = "<group>"; };
		341192432B633D4C006F908B /* CardSelectionVC.swift */ = {isa = PBXFileReference; lastKnownFileType = sourcecode.swift; path = CardSelectionVC.swift; sourceTree = "<group>"; };
		341192452B634582006F908B /* RoundedButton.swift */ = {isa = PBXFileReference; lastKnownFileType = sourcecode.swift; path = RoundedButton.swift; sourceTree = "<group>"; };
		341192472B634CBC006F908B /* Card.swift */ = {isa = PBXFileReference; lastKnownFileType = sourcecode.swift; path = Card.swift; sourceTree = "<group>"; };
		341192492B635160006F908B /* RulesVC.swift */ = {isa = PBXFileReference; lastKnownFileType = sourcecode.swift; path = RulesVC.swift; sourceTree = "<group>"; };
		BB7E4D8CBE74C613A5AD7EDA /* Pods-MT-Liftoff-VunglerSDK-Project.release.xcconfig */ = {isa = PBXFileReference; includeInIndex = 1; lastKnownFileType = text.xcconfig; name = "Pods-MT-Liftoff-VunglerSDK-Project.release.xcconfig"; path = "Target Support Files/Pods-MT-Liftoff-VunglerSDK-Project/Pods-MT-Liftoff-VunglerSDK-Project.release.xcconfig"; sourceTree = "<group>"; };
/* End PBXFileReference section */

/* Begin PBXFrameworksBuildPhase section */
		341192222B62C4B0006F908B /* Frameworks */ = {
			isa = PBXFrameworksBuildPhase;
			buildActionMask = 2147483647;
			files = (
				F89A1171CCECEA889D8EAE36 /* Pods_MT_Liftoff_VunglerSDK_Project.framework in Frameworks */,
			);
			runOnlyForDeploymentPostprocessing = 0;
		};
/* End PBXFrameworksBuildPhase section */

/* Begin PBXGroup section */
		3411921C2B62C4B0006F908B = {
			isa = PBXGroup;
			children = (
				341192272B62C4B0006F908B /* MT-Liftoff-VunglerSDK-Project */,
				341192262B62C4B0006F908B /* Products */,
				7DE4EC91AFF6A8B9CB79B72B /* Pods */,
				F6E33BFA9FBCF74344643FC2 /* Frameworks */,
			);
			sourceTree = "<group>";
		};
		341192262B62C4B0006F908B /* Products */ = {
			isa = PBXGroup;
			children = (
				341192252B62C4B0006F908B /* MT-Liftoff-VunglerSDK-Project.app */,
			);
			name = Products;
			sourceTree = "<group>";
		};
		341192272B62C4B0006F908B /* MT-Liftoff-VunglerSDK-Project */ = {
			isa = PBXGroup;
			children = (
				341192282B62C4B0006F908B /* AppDelegate.swift */,
				3411922A2B62C4B0006F908B /* SceneDelegate.swift */,
				3411923C2B6307BB006F908B /* Model */,
				3411923D2B6307C3006F908B /* View */,
				3411923E2B6307CC006F908B /* Controller */,
				341192312B62C4B1006F908B /* Assets.xcassets */,
				341192362B62C4B1006F908B /* Info.plist */,
			);
			path = "MT-Liftoff-VunglerSDK-Project";
			sourceTree = "<group>";
		};
		3411923C2B6307BB006F908B /* Model */ = {
			isa = PBXGroup;
			children = (
				341192412B632F8D006F908B /* Keys.swift */,
				341192472B634CBC006F908B /* Card.swift */,
			);
			path = Model;
			sourceTree = "<group>";
		};
		3411923D2B6307C3006F908B /* View */ = {
			isa = PBXGroup;
			children = (
				3411922E2B62C4B0006F908B /* Main.storyboard */,
				341192332B62C4B1006F908B /* LaunchScreen.storyboard */,
				341192452B634582006F908B /* RoundedButton.swift */,
			);
			path = View;
			sourceTree = "<group>";
		};
		3411923E2B6307CC006F908B /* Controller */ = {
			isa = PBXGroup;
			children = (
				341192432B633D4C006F908B /* CardSelectionVC.swift */,
				341192492B635160006F908B /* RulesVC.swift */,
			);
			path = Controller;
			sourceTree = "<group>";
		};
		7DE4EC91AFF6A8B9CB79B72B /* Pods */ = {
			isa = PBXGroup;
			children = (
				04C8E4DE33F5CB2EBD71482B /* Pods-MT-Liftoff-VunglerSDK-Project.debug.xcconfig */,
				BB7E4D8CBE74C613A5AD7EDA /* Pods-MT-Liftoff-VunglerSDK-Project.release.xcconfig */,
			);
			path = Pods;
			sourceTree = "<group>";
		};
		F6E33BFA9FBCF74344643FC2 /* Frameworks */ = {
			isa = PBXGroup;
			children = (
				17B4A853A00DB0C38AC1A839 /* Pods_MT_Liftoff_VunglerSDK_Project.framework */,
			);
			name = Frameworks;
			sourceTree = "<group>";
		};
/* End PBXGroup section */

/* Begin PBXNativeTarget section */
		341192242B62C4B0006F908B /* MT-Liftoff-VunglerSDK-Project */ = {
			isa = PBXNativeTarget;
			buildConfigurationList = 341192392B62C4B1006F908B /* Build configuration list for PBXNativeTarget "MT-Liftoff-VunglerSDK-Project" */;
			buildPhases = (
				E127A4313275BE0007D25D8E /* [CP] Check Pods Manifest.lock */,
				341192212B62C4B0006F908B /* Sources */,
				341192222B62C4B0006F908B /* Frameworks */,
				341192232B62C4B0006F908B /* Resources */,
			);
			buildRules = (
			);
			dependencies = (
			);
			name = "MT-Liftoff-VunglerSDK-Project";
			productName = "MT-Liftoff-VunglerSDK-Project";
			productReference = 341192252B62C4B0006F908B /* MT-Liftoff-VunglerSDK-Project.app */;
			productType = "com.apple.product-type.application";
		};
/* End PBXNativeTarget section */

/* Begin PBXProject section */
		3411921D2B62C4B0006F908B /* Project object */ = {
			isa = PBXProject;
			attributes = {
				BuildIndependentTargetsInParallel = 1;
				LastSwiftUpdateCheck = 1520;
				LastUpgradeCheck = 1520;
				TargetAttributes = {
					341192242B62C4B0006F908B = {
						CreatedOnToolsVersion = 15.2;
					};
				};
			};
			buildConfigurationList = 341192202B62C4B0006F908B /* Build configuration list for PBXProject "MT-Liftoff-VunglerSDK-Project" */;
			compatibilityVersion = "Xcode 14.0";
			developmentRegion = en;
			hasScannedForEncodings = 0;
			knownRegions = (
				en,
				Base,
			);
			mainGroup = 3411921C2B62C4B0006F908B;
			productRefGroup = 341192262B62C4B0006F908B /* Products */;
			projectDirPath = "";
			projectRoot = "";
			targets = (
				341192242B62C4B0006F908B /* MT-Liftoff-VunglerSDK-Project */,
			);
		};
/* End PBXProject section */

/* Begin PBXResourcesBuildPhase section */
		341192232B62C4B0006F908B /* Resources */ = {
			isa = PBXResourcesBuildPhase;
			buildActionMask = 2147483647;
			files = (
				341192352B62C4B1006F908B /* LaunchScreen.storyboard in Resources */,
				341192322B62C4B1006F908B /* Assets.xcassets in Resources */,
				341192302B62C4B0006F908B /* Main.storyboard in Resources */,
			);
			runOnlyForDeploymentPostprocessing = 0;
		};
/* End PBXResourcesBuildPhase section */

/* Begin PBXShellScriptBuildPhase section */
		E127A4313275BE0007D25D8E /* [CP] Check Pods Manifest.lock */ = {
			isa = PBXShellScriptBuildPhase;
			buildActionMask = 2147483647;
			files = (
			);
			inputFileListPaths = (
			);
			inputPaths = (
				"${PODS_PODFILE_DIR_PATH}/Podfile.lock",
				"${PODS_ROOT}/Manifest.lock",
			);
			name = "[CP] Check Pods Manifest.lock";
			outputFileListPaths = (
			);
			outputPaths = (
				"$(DERIVED_FILE_DIR)/Pods-MT-Liftoff-VunglerSDK-Project-checkManifestLockResult.txt",
			);
			runOnlyForDeploymentPostprocessing = 0;
			shellPath = /bin/sh;
			shellScript = "diff \"${PODS_PODFILE_DIR_PATH}/Podfile.lock\" \"${PODS_ROOT}/Manifest.lock\" > /dev/null\nif [ $? != 0 ] ; then\n    # print error to STDERR\n    echo \"error: The sandbox is not in sync with the Podfile.lock. Run 'pod install' or update your CocoaPods installation.\" >&2\n    exit 1\nfi\n# This output is used by Xcode 'outputs' to avoid re-running this script phase.\necho \"SUCCESS\" > \"${SCRIPT_OUTPUT_FILE_0}\"\n";
			showEnvVarsInLog = 0;
		};
/* End PBXShellScriptBuildPhase section */

/* Begin PBXSourcesBuildPhase section */
		341192212B62C4B0006F908B /* Sources */ = {
			isa = PBXSourcesBuildPhase;
			buildActionMask = 2147483647;
			files = (
				341192462B634582006F908B /* RoundedButton.swift in Sources */,
				341192482B634CBC006F908B /* Card.swift in Sources */,
				341192422B632F8D006F908B /* Keys.swift in Sources */,
				341192292B62C4B0006F908B /* AppDelegate.swift in Sources */,
				341192442B633D4C006F908B /* CardSelectionVC.swift in Sources */,
				3411924A2B635160006F908B /* RulesVC.swift in Sources */,
				3411922B2B62C4B0006F908B /* SceneDelegate.swift in Sources */,
			);
			runOnlyForDeploymentPostprocessing = 0;
		};
/* End PBXSourcesBuildPhase section */

/* Begin PBXVariantGroup section */
		3411922E2B62C4B0006F908B /* Main.storyboard */ = {
			isa = PBXVariantGroup;
			children = (
				3411922F2B62C4B0006F908B /* Base */,
			);
			name = Main.storyboard;
			sourceTree = "<group>";
		};
		341192332B62C4B1006F908B /* LaunchScreen.storyboard */ = {
			isa = PBXVariantGroup;
			children = (
				341192342B62C4B1006F908B /* Base */,
			);
			name = LaunchScreen.storyboard;
			sourceTree = "<group>";
		};
/* End PBXVariantGroup section */

/* Begin XCBuildConfiguration section */
		341192372B62C4B1006F908B /* Debug */ = {
			isa = XCBuildConfiguration;
			buildSettings = {
				ALWAYS_SEARCH_USER_PATHS = NO;
				ASSETCATALOG_COMPILER_GENERATE_SWIFT_ASSET_SYMBOL_EXTENSIONS = YES;
				CLANG_ANALYZER_NONNULL = YES;
				CLANG_ANALYZER_NUMBER_OBJECT_CONVERSION = YES_AGGRESSIVE;
				CLANG_CXX_LANGUAGE_STANDARD = "gnu++20";
				CLANG_ENABLE_MODULES = YES;
				CLANG_ENABLE_OBJC_ARC = YES;
				CLANG_ENABLE_OBJC_WEAK = YES;
				CLANG_WARN_BLOCK_CAPTURE_AUTORELEASING = YES;
				CLANG_WARN_BOOL_CONVERSION = YES;
				CLANG_WARN_COMMA = YES;
				CLANG_WARN_CONSTANT_CONVERSION = YES;
				CLANG_WARN_DEPRECATED_OBJC_IMPLEMENTATIONS = YES;
				CLANG_WARN_DIRECT_OBJC_ISA_USAGE = YES_ERROR;
				CLANG_WARN_DOCUMENTATION_COMMENTS = YES;
				CLANG_WARN_EMPTY_BODY = YES;
				CLANG_WARN_ENUM_CONVERSION = YES;
				CLANG_WARN_INFINITE_RECURSION = YES;
				CLANG_WARN_INT_CONVERSION = YES;
				CLANG_WARN_NON_LITERAL_NULL_CONVERSION = YES;
				CLANG_WARN_OBJC_IMPLICIT_RETAIN_SELF = YES;
				CLANG_WARN_OBJC_LITERAL_CONVERSION = YES;
				CLANG_WARN_OBJC_ROOT_CLASS = YES_ERROR;
				CLANG_WARN_QUOTED_INCLUDE_IN_FRAMEWORK_HEADER = YES;
				CLANG_WARN_RANGE_LOOP_ANALYSIS = YES;
				CLANG_WARN_STRICT_PROTOTYPES = YES;
				CLANG_WARN_SUSPICIOUS_MOVE = YES;
				CLANG_WARN_UNGUARDED_AVAILABILITY = YES_AGGRESSIVE;
				CLANG_WARN_UNREACHABLE_CODE = YES;
				CLANG_WARN__DUPLICATE_METHOD_MATCH = YES;
				COPY_PHASE_STRIP = NO;
				DEBUG_INFORMATION_FORMAT = dwarf;
				ENABLE_STRICT_OBJC_MSGSEND = YES;
				ENABLE_TESTABILITY = YES;
				ENABLE_USER_SCRIPT_SANDBOXING = YES;
				GCC_C_LANGUAGE_STANDARD = gnu17;
				GCC_DYNAMIC_NO_PIC = NO;
				GCC_NO_COMMON_BLOCKS = YES;
				GCC_OPTIMIZATION_LEVEL = 0;
				GCC_PREPROCESSOR_DEFINITIONS = (
					"DEBUG=1",
					"$(inherited)",
				);
				GCC_WARN_64_TO_32_BIT_CONVERSION = YES;
				GCC_WARN_ABOUT_RETURN_TYPE = YES_ERROR;
				GCC_WARN_UNDECLARED_SELECTOR = YES;
				GCC_WARN_UNINITIALIZED_AUTOS = YES_AGGRESSIVE;
				GCC_WARN_UNUSED_FUNCTION = YES;
				GCC_WARN_UNUSED_VARIABLE = YES;
				IPHONEOS_DEPLOYMENT_TARGET = 17.2;
				LOCALIZATION_PREFERS_STRING_CATALOGS = YES;
				MTL_ENABLE_DEBUG_INFO = INCLUDE_SOURCE;
				MTL_FAST_MATH = YES;
				ONLY_ACTIVE_ARCH = YES;
				SDKROOT = iphoneos;
				SWIFT_ACTIVE_COMPILATION_CONDITIONS = "DEBUG $(inherited)";
				SWIFT_OPTIMIZATION_LEVEL = "-Onone";
			};
			name = Debug;
		};
		341192382B62C4B1006F908B /* Release */ = {
			isa = XCBuildConfiguration;
			buildSettings = {
				ALWAYS_SEARCH_USER_PATHS = NO;
				ASSETCATALOG_COMPILER_GENERATE_SWIFT_ASSET_SYMBOL_EXTENSIONS = YES;
				CLANG_ANALYZER_NONNULL = YES;
				CLANG_ANALYZER_NUMBER_OBJECT_CONVERSION = YES_AGGRESSIVE;
				CLANG_CXX_LANGUAGE_STANDARD = "gnu++20";
				CLANG_ENABLE_MODULES = YES;
				CLANG_ENABLE_OBJC_ARC = YES;
				CLANG_ENABLE_OBJC_WEAK = YES;
				CLANG_WARN_BLOCK_CAPTURE_AUTORELEASING = YES;
				CLANG_WARN_BOOL_CONVERSION = YES;
				CLANG_WARN_COMMA = YES;
				CLANG_WARN_CONSTANT_CONVERSION = YES;
				CLANG_WARN_DEPRECATED_OBJC_IMPLEMENTATIONS = YES;
				CLANG_WARN_DIRECT_OBJC_ISA_USAGE = YES_ERROR;
				CLANG_WARN_DOCUMENTATION_COMMENTS = YES;
				CLANG_WARN_EMPTY_BODY = YES;
				CLANG_WARN_ENUM_CONVERSION = YES;
				CLANG_WARN_INFINITE_RECURSION = YES;
				CLANG_WARN_INT_CONVERSION = YES;
				CLANG_WARN_NON_LITERAL_NULL_CONVERSION = YES;
				CLANG_WARN_OBJC_IMPLICIT_RETAIN_SELF = YES;
				CLANG_WARN_OBJC_LITERAL_CONVERSION = YES;
				CLANG_WARN_OBJC_ROOT_CLASS = YES_ERROR;
				CLANG_WARN_QUOTED_INCLUDE_IN_FRAMEWORK_HEADER = YES;
				CLANG_WARN_RANGE_LOOP_ANALYSIS = YES;
				CLANG_WARN_STRICT_PROTOTYPES = YES;
				CLANG_WARN_SUSPICIOUS_MOVE = YES;
				CLANG_WARN_UNGUARDED_AVAILABILITY = YES_AGGRESSIVE;
				CLANG_WARN_UNREACHABLE_CODE = YES;
				CLANG_WARN__DUPLICATE_METHOD_MATCH = YES;
				COPY_PHASE_STRIP = NO;
				DEBUG_INFORMATION_FORMAT = "dwarf-with-dsym";
				ENABLE_NS_ASSERTIONS = NO;
				ENABLE_STRICT_OBJC_MSGSEND = YES;
				ENABLE_USER_SCRIPT_SANDBOXING = YES;
				GCC_C_LANGUAGE_STANDARD = gnu17;
				GCC_NO_COMMON_BLOCKS = YES;
				GCC_WARN_64_TO_32_BIT_CONVERSION = YES;
				GCC_WARN_ABOUT_RETURN_TYPE = YES_ERROR;
				GCC_WARN_UNDECLARED_SELECTOR = YES;
				GCC_WARN_UNINITIALIZED_AUTOS = YES_AGGRESSIVE;
				GCC_WARN_UNUSED_FUNCTION = YES;
				GCC_WARN_UNUSED_VARIABLE = YES;
				IPHONEOS_DEPLOYMENT_TARGET = 17.2;
				LOCALIZATION_PREFERS_STRING_CATALOGS = YES;
				MTL_ENABLE_DEBUG_INFO = NO;
				MTL_FAST_MATH = YES;
				SDKROOT = iphoneos;
				SWIFT_COMPILATION_MODE = wholemodule;
				VALIDATE_PRODUCT = YES;
			};
			name = Release;
		};
		3411923A2B62C4B1006F908B /* Debug */ = {
			isa = XCBuildConfiguration;
			baseConfigurationReference = 04C8E4DE33F5CB2EBD71482B /* Pods-MT-Liftoff-VunglerSDK-Project.debug.xcconfig */;
			buildSettings = {
				ASSETCATALOG_COMPILER_APPICON_NAME = AppIcon;
				ASSETCATALOG_COMPILER_GLOBAL_ACCENT_COLOR_NAME = AccentColor;
				CODE_SIGN_STYLE = Automatic;
				CURRENT_PROJECT_VERSION = 1;
				DEVELOPMENT_TEAM = J5P95JSAVD;
				GENERATE_INFOPLIST_FILE = YES;
				INFOPLIST_FILE = "MT-Liftoff-VunglerSDK-Project/Info.plist";
				INFOPLIST_KEY_LSApplicationCategoryType = "";
				INFOPLIST_KEY_NSUserTrackingUsageDescription = "Deliver best ad experience";
				INFOPLIST_KEY_UIApplicationSupportsIndirectInputEvents = YES;
				INFOPLIST_KEY_UILaunchStoryboardName = LaunchScreen;
				INFOPLIST_KEY_UIMainStoryboardFile = Main;
				INFOPLIST_KEY_UISupportedInterfaceOrientations_iPad = "UIInterfaceOrientationPortrait UIInterfaceOrientationPortraitUpsideDown UIInterfaceOrientationLandscapeLeft UIInterfaceOrientationLandscapeRight";
				INFOPLIST_KEY_UISupportedInterfaceOrientations_iPhone = "UIInterfaceOrientationPortrait UIInterfaceOrientationLandscapeLeft UIInterfaceOrientationLandscapeRight";
				LD_RUNPATH_SEARCH_PATHS = (
					"$(inherited)",
					"@executable_path/Frameworks",
				);
				MARKETING_VERSION = 1.0;
				PRODUCT_BUNDLE_IDENTIFIER = "com.matthewtripodi.MT-Liftoff-VunglerSDK-Project";
				PRODUCT_NAME = "$(TARGET_NAME)";
				SWIFT_EMIT_LOC_STRINGS = YES;
				SWIFT_VERSION = 5.0;
				TARGETED_DEVICE_FAMILY = "1,2";
			};
			name = Debug;
		};
		3411923B2B62C4B1006F908B /* Release */ = {
			isa = XCBuildConfiguration;
			baseConfigurationReference = BB7E4D8CBE74C613A5AD7EDA /* Pods-MT-Liftoff-VunglerSDK-Project.release.xcconfig */;
			buildSettings = {
				ASSETCATALOG_COMPILER_APPICON_NAME = AppIcon;
				ASSETCATALOG_COMPILER_GLOBAL_ACCENT_COLOR_NAME = AccentColor;
				CODE_SIGN_STYLE = Automatic;
				CURRENT_PROJECT_VERSION = 1;
				DEVELOPMENT_TEAM = J5P95JSAVD;
				GENERATE_INFOPLIST_FILE = YES;
				INFOPLIST_FILE = "MT-Liftoff-VunglerSDK-Project/Info.plist";
				INFOPLIST_KEY_LSApplicationCategoryType = "";
				INFOPLIST_KEY_NSUserTrackingUsageDescription = "Deliver best ad experience";
				INFOPLIST_KEY_UIApplicationSupportsIndirectInputEvents = YES;
				INFOPLIST_KEY_UILaunchStoryboardName = LaunchScreen;
				INFOPLIST_KEY_UIMainStoryboardFile = Main;
				INFOPLIST_KEY_UISupportedInterfaceOrientations_iPad = "UIInterfaceOrientationPortrait UIInterfaceOrientationPortraitUpsideDown UIInterfaceOrientationLandscapeLeft UIInterfaceOrientationLandscapeRight";
				INFOPLIST_KEY_UISupportedInterfaceOrientations_iPhone = "UIInterfaceOrientationPortrait UIInterfaceOrientationLandscapeLeft UIInterfaceOrientationLandscapeRight";
				LD_RUNPATH_SEARCH_PATHS = (
					"$(inherited)",
					"@executable_path/Frameworks",
				);
				MARKETING_VERSION = 1.0;
				PRODUCT_BUNDLE_IDENTIFIER = "com.matthewtripodi.MT-Liftoff-VunglerSDK-Project";
				PRODUCT_NAME = "$(TARGET_NAME)";
				SWIFT_EMIT_LOC_STRINGS = YES;
				SWIFT_VERSION = 5.0;
				TARGETED_DEVICE_FAMILY = "1,2";
			};
			name = Release;
		};
/* End XCBuildConfiguration section */

/* Begin XCConfigurationList section */
		341192202B62C4B0006F908B /* Build configuration list for PBXProject "MT-Liftoff-VunglerSDK-Project" */ = {
			isa = XCConfigurationList;
			buildConfigurations = (
				341192372B62C4B1006F908B /* Debug */,
				341192382B62C4B1006F908B /* Release */,
			);
			defaultConfigurationIsVisible = 0;
			defaultConfigurationName = Release;
		};
		341192392B62C4B1006F908B /* Build configuration list for PBXNativeTarget "MT-Liftoff-VunglerSDK-Project" */ = {
			isa = XCConfigurationList;
			buildConfigurations = (
				3411923A2B62C4B1006F908B /* Debug */,
				3411923B2B62C4B1006F908B /* Release */,
			);
			defaultConfigurationIsVisible = 0;
			defaultConfigurationName = Release;
		};
/* End XCConfigurationList section */
	};
	rootObject = 3411921D2B62C4B0006F908B /* Project object */;
}
